
Microsoft Visual Studio Solution File, Format Version 12.00
# Visual Studio Version 16
VisualStudioVersion = 16.0.31402.337
MinimumVisualStudioVersion = 10.0.40219.1
Project("{FAE04EC0-301F-11D3-BF4B-00C04F79EFBC}") = "JDEPackagingCheck", "JDEPackagingCheck\JDEPackagingCheck.csproj", "{0A2A9BDB-A46B-4052-8C73-90360F88A0D1}"
EndProject
Global
	GlobalSection(SolutionConfigurationPlatforms) = preSolution
		Debug|Any CPU = Debug|Any CPU
		Release|Any CPU = Release|Any CPU
	EndGlobalSection
	GlobalSection(ProjectConfigurationPlatforms) = postSolution
		{0A2A9BDB-A46B-4052-8C73-90360F88A0D1}.Debug|Any CPU.ActiveCfg = Debug|Any CPU
		{0A2A9BDB-A46B-4052-8C73-90360F88A0D1}.Debug|Any CPU.Build.0 = Debug|Any CPU
		{0A2A9BDB-A46B-4052-8C73-90360F88A0D1}.Release|Any CPU.ActiveCfg = Release|Any CPU
		{0A2A9BDB-A46B-4052-8C73-90360F88A0D1}.Release|Any CPU.Build.0 = Release|Any CPU
	EndGlobalSection
	GlobalSection(SolutionProperties) = preSolution
		HideSolutionNode = FALSE
	EndGlobalSection
	GlobalSection(ExtensibilityGlobals) = postSolution
		SolutionGuid = {5707C983-06DF-4C40-8048-DDD9F9DD3434}
	EndGlobalSection
EndGlobal
